
Microsoft Visual Studio Solution File, Format Version 12.00
# Visual Studio Version 16
VisualStudioVersion = 16.0.31019.35
MinimumVisualStudioVersion = 10.0.40219.1
Project("{FAE04EC0-301F-11D3-BF4B-00C04F79EFBC}") = "Caruena-Loeva Basis", "Caruena-Loeva Basis\Caruena-Loeva Basis.csproj", "{16C853DE-1198-4AC5-AC2B-77C8033C627B}"
EndProject
Global
	GlobalSection(SolutionConfigurationPlatforms) = preSolution
		Debug|Any CPU = Debug|Any CPU
		Release|Any CPU = Release|Any CPU
	EndGlobalSection
	GlobalSection(ProjectConfigurationPlatforms) = postSolution
		{16C853DE-1198-4AC5-AC2B-77C8033C627B}.Debug|Any CPU.ActiveCfg = Debug|Any CPU
		{16C853DE-1198-4AC5-AC2B-77C8033C627B}.Debug|Any CPU.Build.0 = Debug|Any CPU
		{16C853DE-1198-4AC5-AC2B-77C8033C627B}.Release|Any CPU.ActiveCfg = Release|Any CPU
		{16C853DE-1198-4AC5-AC2B-77C8033C627B}.Release|Any CPU.Build.0 = Release|Any CPU
	EndGlobalSection
	GlobalSection(SolutionProperties) = preSolution
		HideSolutionNode = FALSE
	EndGlobalSection
	GlobalSection(ExtensibilityGlobals) = postSolution
		SolutionGuid = {EA340468-41C8-4C0F-95D9-8C23ECC92FEA}
	EndGlobalSection
EndGlobal
